
Microsoft Visual Studio Solution File, Format Version 12.00
# Visual Studio Version 16
VisualStudioVersion = 16.0.29709.97
MinimumVisualStudioVersion = 10.0.40219.1
Project("{FAE04EC0-301F-11D3-BF4B-00C04F79EFBC}") = "AdventureGameBackend", "AdventureGameBackend\AdventureGameBackend.csproj", "{5756AA4B-8F5C-4085-A700-BF0C988C620F}"
EndProject
Global
	GlobalSection(SolutionConfigurationPlatforms) = preSolution
		Debug|Any CPU = Debug|Any CPU
		Release|Any CPU = Release|Any CPU
	EndGlobalSection
	GlobalSection(ProjectConfigurationPlatforms) = postSolution
		{5756AA4B-8F5C-4085-A700-BF0C988C620F}.Debug|Any CPU.ActiveCfg = Debug|Any CPU
		{5756AA4B-8F5C-4085-A700-BF0C988C620F}.Debug|Any CPU.Build.0 = Debug|Any CPU
		{5756AA4B-8F5C-4085-A700-BF0C988C620F}.Release|Any CPU.ActiveCfg = Release|Any CPU
		{5756AA4B-8F5C-4085-A700-BF0C988C620F}.Release|Any CPU.Build.0 = Release|Any CPU
	EndGlobalSection
	GlobalSection(SolutionProperties) = preSolution
		HideSolutionNode = FALSE
	EndGlobalSection
	GlobalSection(ExtensibilityGlobals) = postSolution
		SolutionGuid = {3077E9A3-D379-496A-967A-2D2A313E637E}
	EndGlobalSection
EndGlobal
